
Microsoft Visual Studio Solution File, Format Version 12.00
# Visual Studio 15
VisualStudioVersion = 15.0.27004.2006
MinimumVisualStudioVersion = 10.0.40219.1
Project("{FAE04EC0-301F-11D3-BF4B-00C04F79EFBC}") = "ComicBookForms", "ComicBookForms\ComicBookForms.csproj", "{BA588C4B-6DCC-4CAF-8C60-3F03E1F8ACD1}"
	ProjectSection(ProjectDependencies) = postProject
		{EFDC955E-4357-496A-8BCF-3A97D4F13526} = {EFDC955E-4357-496A-8BCF-3A97D4F13526}
	EndProjectSection
EndProject
Project("{FAE04EC0-301F-11D3-BF4B-00C04F79EFBC}") = "ComicBookData", "ComicBookDB\ComicBookData\ComicBookData.csproj", "{EFDC955E-4357-496A-8BCF-3A97D4F13526}"
EndProject
Global
	GlobalSection(SolutionConfigurationPlatforms) = preSolution
		Debug|Any CPU = Debug|Any CPU
		Debug|x64 = Debug|x64
		Debug|x86 = Debug|x86
		Release|Any CPU = Release|Any CPU
		Release|x64 = Release|x64
		Release|x86 = Release|x86
	EndGlobalSection
	GlobalSection(ProjectConfigurationPlatforms) = postSolution
		{BA588C4B-6DCC-4CAF-8C60-3F03E1F8ACD1}.Debug|Any CPU.ActiveCfg = Debug|Any CPU
		{BA588C4B-6DCC-4CAF-8C60-3F03E1F8ACD1}.Debug|Any CPU.Build.0 = Debug|Any CPU
		{BA588C4B-6DCC-4CAF-8C60-3F03E1F8ACD1}.Debug|x64.ActiveCfg = Debug|x64
		{BA588C4B-6DCC-4CAF-8C60-3F03E1F8ACD1}.Debug|x64.Build.0 = Debug|x64
		{BA588C4B-6DCC-4CAF-8C60-3F03E1F8ACD1}.Debug|x86.ActiveCfg = Debug|x86
		{BA588C4B-6DCC-4CAF-8C60-3F03E1F8ACD1}.Debug|x86.Build.0 = Debug|x86
		{BA588C4B-6DCC-4CAF-8C60-3F03E1F8ACD1}.Release|Any CPU.ActiveCfg = Release|Any CPU
		{BA588C4B-6DCC-4CAF-8C60-3F03E1F8ACD1}.Release|Any CPU.Build.0 = Release|Any CPU
		{BA588C4B-6DCC-4CAF-8C60-3F03E1F8ACD1}.Release|x64.ActiveCfg = Release|x64
		{BA588C4B-6DCC-4CAF-8C60-3F03E1F8ACD1}.Release|x64.Build.0 = Release|x64
		{BA588C4B-6DCC-4CAF-8C60-3F03E1F8ACD1}.Release|x86.ActiveCfg = Release|x86
		{BA588C4B-6DCC-4CAF-8C60-3F03E1F8ACD1}.Release|x86.Build.0 = Release|x86
		{EFDC955E-4357-496A-8BCF-3A97D4F13526}.Debug|Any CPU.ActiveCfg = Debug|Any CPU
		{EFDC955E-4357-496A-8BCF-3A97D4F13526}.Debug|Any CPU.Build.0 = Debug|Any CPU
		{EFDC955E-4357-496A-8BCF-3A97D4F13526}.Debug|x64.ActiveCfg = Debug|x64
		{EFDC955E-4357-496A-8BCF-3A97D4F13526}.Debug|x64.Build.0 = Debug|x64
		{EFDC955E-4357-496A-8BCF-3A97D4F13526}.Debug|x86.ActiveCfg = Debug|x86
		{EFDC955E-4357-496A-8BCF-3A97D4F13526}.Debug|x86.Build.0 = Debug|x86
		{EFDC955E-4357-496A-8BCF-3A97D4F13526}.Release|Any CPU.ActiveCfg = Release|Any CPU
		{EFDC955E-4357-496A-8BCF-3A97D4F13526}.Release|Any CPU.Build.0 = Release|Any CPU
		{EFDC955E-4357-496A-8BCF-3A97D4F13526}.Release|x64.ActiveCfg = Release|x64
		{EFDC955E-4357-496A-8BCF-3A97D4F13526}.Release|x64.Build.0 = Release|x64
		{EFDC955E-4357-496A-8BCF-3A97D4F13526}.Release|x86.ActiveCfg = Release|x86
		{EFDC955E-4357-496A-8BCF-3A97D4F13526}.Release|x86.Build.0 = Release|x86
	EndGlobalSection
	GlobalSection(SolutionProperties) = preSolution
		HideSolutionNode = FALSE
	EndGlobalSection
	GlobalSection(ExtensibilityGlobals) = postSolution
		SolutionGuid = {467DD75F-8045-400D-931E-A451509A1ECE}
	EndGlobalSection
EndGlobal
